
Microsoft Visual Studio Solution File, Format Version 12.00
# Visual Studio Version 17
VisualStudioVersion = 17.5.33516.290
MinimumVisualStudioVersion = 10.0.40219.1
Project("{FAE04EC0-301F-11D3-BF4B-00C04F79EFBC}") = "WindowsFormsApp7", "WindowsFormsApp7\WindowsFormsApp7.csproj", "{EAC63934-845E-4DEE-B094-928994E6A649}"
EndProject
Global
	GlobalSection(SolutionConfigurationPlatforms) = preSolution
		Debug|Any CPU = Debug|Any CPU
		Release|Any CPU = Release|Any CPU
	EndGlobalSection
	GlobalSection(ProjectConfigurationPlatforms) = postSolution
		{EAC63934-845E-4DEE-B094-928994E6A649}.Debug|Any CPU.ActiveCfg = Debug|Any CPU
		{EAC63934-845E-4DEE-B094-928994E6A649}.Debug|Any CPU.Build.0 = Debug|Any CPU
		{EAC63934-845E-4DEE-B094-928994E6A649}.Release|Any CPU.ActiveCfg = Release|Any CPU
		{EAC63934-845E-4DEE-B094-928994E6A649}.Release|Any CPU.Build.0 = Release|Any CPU
	EndGlobalSection
	GlobalSection(SolutionProperties) = preSolution
		HideSolutionNode = FALSE
	EndGlobalSection
	GlobalSection(ExtensibilityGlobals) = postSolution
		SolutionGuid = {4A2DACF7-3ED9-47FC-B0C1-6D90E5A394BF}
	EndGlobalSection
EndGlobal
